
Microsoft Visual Studio Solution File, Format Version 12.00
# Visual Studio Version 17
VisualStudioVersion = 17.3.32901.215
MinimumVisualStudioVersion = 10.0.40219.1
Project("{FAE04EC0-301F-11D3-BF4B-00C04F79EFBC}") = "Poisk_prostih_chisel", "Poisk_prostih_chisel\Poisk_prostih_chisel.csproj", "{CA9F542C-02A0-4FEF-A6CF-1100E3AC30F4}"
EndProject
Global
	GlobalSection(SolutionConfigurationPlatforms) = preSolution
		Debug|Any CPU = Debug|Any CPU
		Release|Any CPU = Release|Any CPU
	EndGlobalSection
	GlobalSection(ProjectConfigurationPlatforms) = postSolution
		{CA9F542C-02A0-4FEF-A6CF-1100E3AC30F4}.Debug|Any CPU.ActiveCfg = Debug|Any CPU
		{CA9F542C-02A0-4FEF-A6CF-1100E3AC30F4}.Debug|Any CPU.Build.0 = Debug|Any CPU
		{CA9F542C-02A0-4FEF-A6CF-1100E3AC30F4}.Release|Any CPU.ActiveCfg = Release|Any CPU
		{CA9F542C-02A0-4FEF-A6CF-1100E3AC30F4}.Release|Any CPU.Build.0 = Release|Any CPU
	EndGlobalSection
	GlobalSection(SolutionProperties) = preSolution
		HideSolutionNode = FALSE
	EndGlobalSection
	GlobalSection(ExtensibilityGlobals) = postSolution
		SolutionGuid = {EF5142D8-344D-44C6-A447-72E717811D01}
	EndGlobalSection
EndGlobal
